
Microsoft Visual Studio Solution File, Format Version 12.00
# Visual Studio Version 17
VisualStudioVersion = 17.5.002.0
MinimumVisualStudioVersion = 10.0.40219.1
Project("{2150E333-8FDC-42A3-9474-1A3956D46DE8}") = "projects", "projects", "{436A406B-C7B4-45C0-9B9F-94E8930986E5}"
EndProject
Project("{9A19103F-16F7-4668-BE54-9A1E7A4F7556}") = "ConsoleProject", "projects\ConsoleProject\ConsoleProject.csproj", "{D11B93D5-F988-4464-A01F-DCED7E7651DE}"
EndProject
Global
	GlobalSection(SolutionConfigurationPlatforms) = preSolution
		Debug|Any CPU = Debug|Any CPU
		Release|Any CPU = Release|Any CPU
	EndGlobalSection
	GlobalSection(ProjectConfigurationPlatforms) = postSolution
		{D11B93D5-F988-4464-A01F-DCED7E7651DE}.Debug|Any CPU.ActiveCfg = Debug|Any CPU
		{D11B93D5-F988-4464-A01F-DCED7E7651DE}.Debug|Any CPU.Build.0 = Debug|Any CPU
		{D11B93D5-F988-4464-A01F-DCED7E7651DE}.Release|Any CPU.ActiveCfg = Release|Any CPU
		{D11B93D5-F988-4464-A01F-DCED7E7651DE}.Release|Any CPU.Build.0 = Release|Any CPU
	EndGlobalSection
	GlobalSection(SolutionProperties) = preSolution
		HideSolutionNode = FALSE
	EndGlobalSection
	GlobalSection(NestedProjects) = preSolution
		{D11B93D5-F988-4464-A01F-DCED7E7651DE} = {436A406B-C7B4-45C0-9B9F-94E8930986E5}
	EndGlobalSection
	GlobalSection(ExtensibilityGlobals) = postSolution
		SolutionGuid = {3F692BAA-017A-46F4-9755-227F3D26DAB7}
	EndGlobalSection
EndGlobal
